<?xml version="1.0" encoding="utf-8"?>
<Project ToolsVersion="4.0" xmlns="http://schemas.microsoft.com/developer/msbuild/2003">
  <ItemGroup>
    <Filter Include="Archivos de origen">
      <UniqueIdentifier>{4FC737F1-C7A5-4376-A066-2A32D752A2FF}</UniqueIdentifier>
      <Extensions>cpp;c;cc;cxx;c++;cppm;ixx;def;odl;idl;hpj;bat;asm;asmx</Extensions>
    </Filter>
    <Filter Include="Module">
      <UniqueIdentifier>{cdd49f5f-1b4e-49fc-b3b3-5f11ac0007e9}</UniqueIdentifier>
    </Filter>
    <Filter Include="Module\Modules">
      <UniqueIdentifier>{281eed9a-f40f-4be1-aa85-fa05f79f9bf8}</UniqueIdentifier>
    </Filter>
  </ItemGroup>
  <ItemGroup>
    <ClCompile Include="Main.cpp">
      <Filter>Archivos de origen</Filter>
    </ClCompile>
    <ClCompile Include="Module.cpp">
      <Filter>Module</Filter>
    </ClCompile>
    <ClCompile Include="Application.cpp">
      <Filter>Archivos de origen</Filter>
    </ClCompile>
    <ClCompile Include="Input.cpp">
      <Filter>Module\Modules</Filter>
    </ClCompile>
    <ClCompile Include="Window.cpp">
      <Filter>Module\Modules</Filter>
    </ClCompile>
    <ClCompile Include="Render.cpp">
      <Filter>Module\Modules</Filter>
    </ClCompile>
    <ClCompile Include="Texture.cpp">
      <Filter>Module\Modules</Filter>
    </ClCompile>
  </ItemGroup>
  <ItemGroup>
    <ClInclude Include="Module.h">
      <Filter>Module</Filter>
    </ClInclude>
    <ClInclude Include="Application.h">
      <Filter>Archivos de origen</Filter>
    </ClInclude>
    <ClInclude Include="Input.h">
      <Filter>Module\Modules</Filter>
    </ClInclude>
    <ClInclude Include="Window.h">
      <Filter>Module\Modules</Filter>
    </ClInclude>
    <ClInclude Include="Render.h">
      <Filter>Module\Modules</Filter>
    </ClInclude>
    <ClInclude Include="Texture.h">
      <Filter>Module\Modules</Filter>
    </ClInclude>
  </ItemGroup>
</Project>